{
  "name": "rsg-components",
  "version": "3.0.0-alpha.1",
  "lockfileVersion": 1,
  "dependencies": {
    "@types/acorn": {
      "version": "4.0.2",
      "dev": true
    },
    "@types/aphrodite": {
      "version": "0.5.5",
      "dev": true
    },
    "@types/estree": {
      "version": "0.0.35",
      "dev": true
    },
    "@types/lodash": {
      "version": "4.14.66",
      "dev": true
    },
    "@types/react": {
      "version": "15.0.30",
      "dev": true
    },
    "@types/rollup": {
      "version": "0.41.0",
      "dev": true
    },
    "@types/source-map": {
      "version": "0.5.0",
      "dev": true
    },
    "abbrev": {
      "version": "1.1.0",
      "dev": true
    },
    "acorn": {
      "version": "4.0.13",
      "dev": true
    },
    "acorn-jsx": {
      "version": "3.0.1",
      "dev": true,
      "dependencies": {
        "acorn": {
          "version": "3.3.0",
          "dev": true
        }
      }
    },
    "ajv": {
      "version": "4.11.8",
      "dev": true
    },
    "ajv-keywords": {
      "version": "1.5.1",
      "dev": true
    },
    "amdefine": {
      "version": "1.0.1",
      "dev": true
    },
    "ansi-escapes": {
      "version": "1.4.0",
      "dev": true
    },
    "ansi-regex": {
      "version": "2.1.1",
      "dev": true
    },
    "ansi-styles": {
      "version": "2.2.1",
      "dev": true
    },
    "aphrodite-jss": {
      "version": "1.1.1"
    },
    "aproba": {
      "version": "1.1.2",
      "dev": true
    },
    "are-we-there-yet": {
      "version": "1.1.4",
      "dev": true
    },
    "argparse": {
      "version": "1.0.9",
      "dev": true
    },
    "aria-query": {
      "version": "0.5.0",
      "dev": true
    },
    "arr-diff": {
      "version": "2.0.0",
      "dev": true
    },
    "arr-flatten": {
      "version": "1.0.3",
      "dev": true
    },
    "array-differ": {
      "version": "1.0.0",
      "dev": true
    },
    "array-find-index": {
      "version": "1.0.2",
      "dev": true
    },
    "array-includes": {
      "version": "3.0.3",
      "dev": true
    },
    "array-union": {
      "version": "1.0.2",
      "dev": true
    },
    "array-uniq": {
      "version": "1.0.3",
      "dev": true
    },
    "array-unique": {
      "version": "0.2.1",
      "dev": true
    },
    "arrify": {
      "version": "1.0.1",
      "dev": true
    },
    "asap": {
      "version": "2.0.5",
      "dev": true
    },
    "asn1": {
      "version": "0.2.3",
      "dev": true
    },
    "assert-plus": {
      "version": "1.0.0",
      "dev": true
    },
    "ast-types-flow": {
      "version": "0.0.7",
      "dev": true
    },
    "async-foreach": {
      "version": "0.1.3",
      "dev": true
    },
    "asynckit": {
      "version": "0.4.0",
      "dev": true
    },
    "autoprefixer": {
      "version": "6.7.7",
      "dev": true
    },
    "aws-sign2": {
      "version": "0.6.0",
      "dev": true
    },
    "aws4": {
      "version": "1.6.0",
      "dev": true
    },
    "axobject-query": {
      "version": "0.1.0",
      "dev": true
    },
    "babel-code-frame": {
      "version": "6.22.0",
      "dev": true
    },
    "babel-core": {
      "version": "6.25.0",
      "dev": true
    },
    "babel-eslint": {
      "version": "7.2.3",
      "dev": true
    },
    "babel-generator": {
      "version": "6.25.0",
      "dev": true
    },
    "babel-helper-bindify-decorators": {
      "version": "6.24.1",
      "dev": true
    },
    "babel-helper-builder-binary-assignment-operator-visitor": {
      "version": "6.24.1",
      "dev": true
    },
    "babel-helper-builder-react-jsx": {
      "version": "6.24.1",
      "dev": true
    },
    "babel-helper-call-delegate": {
      "version": "6.24.1",
      "dev": true
    },
    "babel-helper-define-map": {
      "version": "6.24.1",
      "dev": true
    },
    "babel-helper-evaluate-path": {
      "version": "0.1.0",
      "dev": true
    },
    "babel-helper-explode-assignable-expression": {
      "version": "6.24.1",
      "dev": true
    },
    "babel-helper-explode-class": {
      "version": "6.24.1",
      "dev": true
    },
    "babel-helper-flip-expressions": {
      "version": "0.1.2",
      "dev": true
    },
    "babel-helper-function-name": {
      "version": "6.24.1",
      "dev": true
    },
    "babel-helper-get-function-arity": {
      "version": "6.24.1",
      "dev": true
    },
    "babel-helper-hoist-variables": {
      "version": "6.24.1",
      "dev": true
    },
    "babel-helper-is-nodes-equiv": {
      "version": "0.0.1",
      "dev": true
    },
    "babel-helper-is-void-0": {
      "version": "0.1.1",
      "dev": true
    },
    "babel-helper-mark-eval-scopes": {
      "version": "0.1.1",
      "dev": true
    },
    "babel-helper-optimise-call-expression": {
      "version": "6.24.1",
      "dev": true
    },
    "babel-helper-regex": {
      "version": "6.24.1",
      "dev": true
    },
    "babel-helper-remap-async-to-generator": {
      "version": "6.24.1",
      "dev": true
    },
    "babel-helper-remove-or-void": {
      "version": "0.1.1",
      "dev": true
    },
    "babel-helper-replace-supers": {
      "version": "6.24.1",
      "dev": true
    },
    "babel-helper-to-multiple-sequence-expressions": {
      "version": "0.1.1",
      "dev": true
    },
    "babel-helpers": {
      "version": "6.24.1",
      "dev": true
    },
    "babel-messages": {
      "version": "6.23.0",
      "dev": true
    },
    "babel-plugin-check-es2015-constants": {
      "version": "6.22.0",
      "dev": true
    },
    "babel-plugin-external-helpers": {
      "version": "6.22.0",
      "dev": true
    },
    "babel-plugin-minify-builtins": {
      "version": "0.1.3",
      "dev": true
    },
    "babel-plugin-minify-constant-folding": {
      "version": "0.1.3",
      "dev": true
    },
    "babel-plugin-minify-dead-code-elimination": {
      "version": "0.1.7",
      "dev": true
    },
    "babel-plugin-minify-flip-comparisons": {
      "version": "0.1.2",
      "dev": true
    },
    "babel-plugin-minify-guarded-expressions": {
      "version": "0.1.2",
      "dev": true
    },
    "babel-plugin-minify-infinity": {
      "version": "0.1.2",
      "dev": true
    },
    "babel-plugin-minify-mangle-names": {
      "version": "0.1.3",
      "dev": true
    },
    "babel-plugin-minify-numeric-literals": {
      "version": "0.1.1",
      "dev": true
    },
    "babel-plugin-minify-replace": {
      "version": "0.1.2",
      "dev": true
    },
    "babel-plugin-minify-simplify": {
      "version": "0.1.2",
      "dev": true
    },
    "babel-plugin-minify-type-constructors": {
      "version": "0.1.2",
      "dev": true
    },
    "babel-plugin-syntax-async-functions": {
      "version": "6.13.0",
      "dev": true
    },
    "babel-plugin-syntax-async-generators": {
      "version": "6.13.0",
      "dev": true
    },
    "babel-plugin-syntax-class-constructor-call": {
      "version": "6.18.0",
      "dev": true
    },
    "babel-plugin-syntax-class-properties": {
      "version": "6.13.0",
      "dev": true
    },
    "babel-plugin-syntax-decorators": {
      "version": "6.13.0",
      "dev": true
    },
    "babel-plugin-syntax-do-expressions": {
      "version": "6.13.0",
      "dev": true
    },
    "babel-plugin-syntax-dynamic-import": {
      "version": "6.18.0",
      "dev": true
    },
    "babel-plugin-syntax-exponentiation-operator": {
      "version": "6.13.0",
      "dev": true
    },
    "babel-plugin-syntax-export-extensions": {
      "version": "6.13.0",
      "dev": true
    },
    "babel-plugin-syntax-flow": {
      "version": "6.18.0",
      "dev": true
    },
    "babel-plugin-syntax-function-bind": {
      "version": "6.13.0",
      "dev": true
    },
    "babel-plugin-syntax-jsx": {
      "version": "6.18.0",
      "dev": true
    },
    "babel-plugin-syntax-object-rest-spread": {
      "version": "6.13.0",
      "dev": true
    },
    "babel-plugin-syntax-trailing-function-commas": {
      "version": "6.22.0",
      "dev": true
    },
    "babel-plugin-transform-async-generator-functions": {
      "version": "6.24.1",
      "dev": true
    },
    "babel-plugin-transform-async-to-generator": {
      "version": "6.24.1",
      "dev": true
    },
    "babel-plugin-transform-class-constructor-call": {
      "version": "6.24.1",
      "dev": true
    },
    "babel-plugin-transform-class-properties": {
      "version": "6.24.1",
      "dev": true
    },
    "babel-plugin-transform-decorators": {
      "version": "6.24.1",
      "dev": true
    },
    "babel-plugin-transform-do-expressions": {
      "version": "6.22.0",
      "dev": true
    },
    "babel-plugin-transform-es2015-arrow-functions": {
      "version": "6.22.0",
      "dev": true
    },
    "babel-plugin-transform-es2015-block-scoped-functions": {
      "version": "6.22.0",
      "dev": true
    },
    "babel-plugin-transform-es2015-block-scoping": {
      "version": "6.24.1",
      "dev": true
    },
    "babel-plugin-transform-es2015-classes": {
      "version": "6.24.1",
      "dev": true
    },
    "babel-plugin-transform-es2015-computed-properties": {
      "version": "6.24.1",
      "dev": true
    },
    "babel-plugin-transform-es2015-destructuring": {
      "version": "6.23.0",
      "dev": true
    },
    "babel-plugin-transform-es2015-duplicate-keys": {
      "version": "6.24.1",
      "dev": true
    },
    "babel-plugin-transform-es2015-for-of": {
      "version": "6.23.0",
      "dev": true
    },
    "babel-plugin-transform-es2015-function-name": {
      "version": "6.24.1",
      "dev": true
    },
    "babel-plugin-transform-es2015-literals": {
      "version": "6.22.0",
      "dev": true
    },
    "babel-plugin-transform-es2015-modules-amd": {
      "version": "6.24.1",
      "dev": true
    },
    "babel-plugin-transform-es2015-modules-commonjs": {
      "version": "6.24.1",
      "dev": true
    },
    "babel-plugin-transform-es2015-modules-systemjs": {
      "version": "6.24.1",
      "dev": true
    },
    "babel-plugin-transform-es2015-modules-umd": {
      "version": "6.24.1",
      "dev": true
    },
    "babel-plugin-transform-es2015-object-super": {
      "version": "6.24.1",
      "dev": true
    },
    "babel-plugin-transform-es2015-parameters": {
      "version": "6.24.1",
      "dev": true
    },
    "babel-plugin-transform-es2015-shorthand-properties": {
      "version": "6.24.1",
      "dev": true
    },
    "babel-plugin-transform-es2015-spread": {
      "version": "6.22.0",
      "dev": true
    },
    "babel-plugin-transform-es2015-sticky-regex": {
      "version": "6.24.1",
      "dev": true
    },
    "babel-plugin-transform-es2015-template-literals": {
      "version": "6.22.0",
      "dev": true
    },
    "babel-plugin-transform-es2015-typeof-symbol": {
      "version": "6.23.0",
      "dev": true
    },
    "babel-plugin-transform-es2015-unicode-regex": {
      "version": "6.24.1",
      "dev": true
    },
    "babel-plugin-transform-exponentiation-operator": {
      "version": "6.24.1",
      "dev": true
    },
    "babel-plugin-transform-export-extensions": {
      "version": "6.22.0",
      "dev": true
    },
    "babel-plugin-transform-flow-strip-types": {
      "version": "6.22.0",
      "dev": true
    },
    "babel-plugin-transform-function-bind": {
      "version": "6.22.0",
      "dev": true
    },
    "babel-plugin-transform-inline-consecutive-adds": {
      "version": "0.1.2",
      "dev": true
    },
    "babel-plugin-transform-member-expression-literals": {
      "version": "6.8.4",
      "dev": true
    },
    "babel-plugin-transform-merge-sibling-variables": {
      "version": "6.8.5",
      "dev": true
    },
    "babel-plugin-transform-minify-booleans": {
      "version": "6.8.2",
      "dev": true
    },
    "babel-plugin-transform-object-rest-spread": {
      "version": "6.23.0",
      "dev": true
    },
    "babel-plugin-transform-property-literals": {
      "version": "6.8.4",
      "dev": true
    },
    "babel-plugin-transform-react-display-name": {
      "version": "6.25.0",
      "dev": true
    },
    "babel-plugin-transform-react-jsx": {
      "version": "6.24.1",
      "dev": true
    },
    "babel-plugin-transform-react-jsx-self": {
      "version": "6.22.0",
      "dev": true
    },
    "babel-plugin-transform-react-jsx-source": {
      "version": "6.22.0",
      "dev": true
    },
    "babel-plugin-transform-regenerator": {
      "version": "6.24.1",
      "dev": true
    },
    "babel-plugin-transform-regexp-constructors": {
      "version": "0.1.1",
      "dev": true
    },
    "babel-plugin-transform-remove-console": {
      "version": "6.8.4",
      "dev": true
    },
    "babel-plugin-transform-remove-debugger": {
      "version": "6.8.4",
      "dev": true
    },
    "babel-plugin-transform-remove-undefined": {
      "version": "0.1.2",
      "dev": true
    },
    "babel-plugin-transform-simplify-comparison-operators": {
      "version": "6.8.4",
      "dev": true
    },
    "babel-plugin-transform-strict-mode": {
      "version": "6.24.1",
      "dev": true
    },
    "babel-plugin-transform-undefined-to-void": {
      "version": "6.8.2",
      "dev": true
    },
    "babel-preset-babili": {
      "version": "0.1.4",
      "dev": true
    },
    "babel-preset-env": {
      "version": "1.5.2",
      "dev": true,
      "dependencies": {
        "browserslist": {
          "version": "2.1.5",
          "dev": true
        }
      }
    },
    "babel-preset-flow": {
      "version": "6.23.0",
      "dev": true
    },
    "babel-preset-react": {
      "version": "6.24.1",
      "dev": true
    },
    "babel-preset-stage-0": {
      "version": "6.24.1",
      "dev": true
    },
    "babel-preset-stage-1": {
      "version": "6.24.1",
      "dev": true
    },
    "babel-preset-stage-2": {
      "version": "6.24.1",
      "dev": true
    },
    "babel-preset-stage-3": {
      "version": "6.24.1",
      "dev": true
    },
    "babel-register": {
      "version": "6.24.1",
      "dev": true
    },
    "babel-runtime": {
      "version": "6.23.0",
      "dev": true
    },
    "babel-template": {
      "version": "6.25.0",
      "dev": true
    },
    "babel-traverse": {
      "version": "6.25.0",
      "dev": true
    },
    "babel-types": {
      "version": "6.25.0",
      "dev": true
    },
    "babylon": {
      "version": "6.17.4",
      "dev": true
    },
    "balanced-match": {
      "version": "0.4.2",
      "dev": true
    },
    "bcrypt-pbkdf": {
      "version": "1.0.1",
      "dev": true,
      "optional": true
    },
    "block-stream": {
      "version": "0.0.9",
      "dev": true
    },
    "boom": {
      "version": "2.10.1",
      "dev": true
    },
    "brace-expansion": {
      "version": "1.1.8",
      "dev": true,
      "dependencies": {
        "balanced-match": {
          "version": "1.0.0",
          "dev": true
        }
      }
    },
    "braces": {
      "version": "1.8.5",
      "dev": true
    },
    "browser-resolve": {
      "version": "1.11.2",
      "dev": true,
      "dependencies": {
        "resolve": {
          "version": "1.1.7",
          "dev": true
        }
      }
    },
    "browserslist": {
      "version": "1.7.7",
      "dev": true
    },
    "builtin-modules": {
      "version": "1.1.1",
      "dev": true
    },
    "caller-path": {
      "version": "0.1.0",
      "dev": true
    },
    "callsites": {
      "version": "0.2.0",
      "dev": true
    },
    "camelcase": {
      "version": "2.1.1",
      "dev": true
    },
    "camelcase-keys": {
      "version": "2.1.0",
      "dev": true
    },
    "caniuse-db": {
      "version": "1.0.30000693",
      "dev": true
    },
    "caniuse-lite": {
      "version": "1.0.30000693",
      "dev": true
    },
    "caseless": {
      "version": "0.12.0",
      "dev": true
    },
    "chalk": {
      "version": "1.1.3",
      "dev": true
    },
    "circular-json": {
      "version": "0.3.1",
      "dev": true
    },
    "cli-cursor": {
      "version": "1.0.2",
      "dev": true
    },
    "cli-width": {
      "version": "2.1.0",
      "dev": true
    },
    "cliui": {
      "version": "3.2.0",
      "dev": true
    },
    "clone-regexp": {
      "version": "1.0.0",
      "dev": true
    },
    "co": {
      "version": "4.6.0",
      "dev": true
    },
    "code-point-at": {
      "version": "1.1.0",
      "dev": true
    },
    "color-diff": {
      "version": "0.1.7",
      "dev": true
    },
    "colorguard": {
      "version": "1.2.0",
      "dev": true
    },
    "combined-stream": {
      "version": "1.0.5",
      "dev": true
    },
    "concat-map": {
      "version": "0.0.1",
      "dev": true
    },
    "concat-stream": {
      "version": "1.6.0",
      "dev": true
    },
    "console-control-strings": {
      "version": "1.1.0",
      "dev": true
    },
    "contains-path": {
      "version": "0.1.0",
      "dev": true
    },
    "convert-source-map": {
      "version": "1.5.0",
      "dev": true
    },
    "core-js": {
      "version": "2.4.1",
      "dev": true
    },
    "core-util-is": {
      "version": "1.0.2",
      "dev": true
    },
    "cosmiconfig": {
      "version": "2.1.3",
      "dev": true
    },
    "create-react-class": {
      "version": "15.6.0",
      "dev": true
    },
    "cross-spawn": {
      "version": "3.0.1",
      "dev": true
    },
    "cryptiles": {
      "version": "2.0.5",
      "dev": true
    },
    "css-color-names": {
      "version": "0.0.3",
      "dev": true
    },
    "css-rule-stream": {
      "version": "1.1.0",
      "dev": true
    },
    "css-tokenize": {
      "version": "1.0.1",
      "dev": true,
      "dependencies": {
        "isarray": {
          "version": "0.0.1",
          "dev": true
        },
        "readable-stream": {
          "version": "1.1.14",
          "dev": true
        }
      }
    },
    "css-vendor": {
      "version": "0.3.8"
    },
    "currently-unhandled": {
      "version": "0.4.1",
      "dev": true
    },
    "d": {
      "version": "1.0.0",
      "dev": true
    },
    "damerau-levenshtein": {
      "version": "1.0.4",
      "dev": true
    },
    "dashdash": {
      "version": "1.14.1",
      "dev": true
    },
    "debug": {
      "version": "2.6.8",
      "dev": true
    },
    "decamelize": {
      "version": "1.2.0",
      "dev": true
    },
    "deep-is": {
      "version": "0.1.3",
      "dev": true
    },
    "define-properties": {
      "version": "1.1.2",
      "dev": true
    },
    "del": {
      "version": "2.2.2",
      "dev": true,
      "dependencies": {
        "globby": {
          "version": "5.0.0",
          "dev": true
        }
      }
    },
    "delayed-stream": {
      "version": "1.0.0",
      "dev": true
    },
    "delegates": {
      "version": "1.0.0",
      "dev": true
    },
    "detect-indent": {
      "version": "4.0.0",
      "dev": true
    },
    "doctrine": {
      "version": "2.0.0",
      "dev": true
    },
    "doiuse": {
      "version": "2.6.0",
      "dev": true,
      "dependencies": {
        "source-map": {
          "version": "0.4.4",
          "dev": true
        },
        "yargs": {
          "version": "3.32.0",
          "dev": true
        }
      }
    },
    "duplexer": {
      "version": "0.1.1",
      "dev": true
    },
    "duplexer2": {
      "version": "0.0.2",
      "dev": true,
      "dependencies": {
        "isarray": {
          "version": "0.0.1",
          "dev": true
        },
        "readable-stream": {
          "version": "1.1.14",
          "dev": true
        }
      }
    },
    "ecc-jsbn": {
      "version": "0.1.1",
      "dev": true,
      "optional": true
    },
    "electron-to-chromium": {
      "version": "1.3.14",
      "dev": true
    },
    "emoji-regex": {
      "version": "6.4.2",
      "dev": true
    },
    "encoding": {
      "version": "0.1.12",
      "dev": true
    },
    "error-ex": {
      "version": "1.3.1",
      "dev": true
    },
    "es-abstract": {
      "version": "1.7.0",
      "dev": true
    },
    "es-to-primitive": {
      "version": "1.1.1",
      "dev": true
    },
    "es5-ext": {
      "version": "0.10.23",
      "dev": true
    },
    "es6-iterator": {
      "version": "2.0.1",
      "dev": true
    },
    "es6-map": {
      "version": "0.1.5",
      "dev": true
    },
    "es6-set": {
      "version": "0.1.5",
      "dev": true
    },
    "es6-symbol": {
      "version": "3.1.1",
      "dev": true
    },
    "es6-weak-map": {
      "version": "2.0.2",
      "dev": true
    },
    "escape-string-regexp": {
      "version": "1.0.5",
      "dev": true
    },
    "escope": {
      "version": "3.6.0",
      "dev": true
    },
    "eslint": {
      "version": "3.19.0",
      "dev": true
    },
    "eslint-config-airbnb": {
      "version": "15.0.1",
      "dev": true
    },
    "eslint-config-airbnb-base": {
      "version": "11.2.0",
      "dev": true
    },
    "eslint-import-resolver-node": {
      "version": "0.2.3",
      "dev": true
    },
    "eslint-module-utils": {
      "version": "2.1.1",
      "dev": true
    },
    "eslint-plugin-flowtype": {
      "version": "2.34.0",
      "dev": true
    },
    "eslint-plugin-import": {
      "version": "2.5.0",
      "dev": true,
      "dependencies": {
        "doctrine": {
          "version": "1.5.0",
          "dev": true
        },
        "find-up": {
          "version": "2.1.0",
          "dev": true
        },
        "load-json-file": {
          "version": "2.0.0",
          "dev": true
        },
        "path-type": {
          "version": "2.0.0",
          "dev": true
        },
        "read-pkg": {
          "version": "2.0.0",
          "dev": true
        },
        "read-pkg-up": {
          "version": "2.0.0",
          "dev": true
        }
      }
    },
    "eslint-plugin-jsx-a11y": {
      "version": "5.0.3",
      "dev": true
    },
    "eslint-plugin-react": {
      "version": "7.1.0",
      "dev": true
    },
    "espree": {
      "version": "3.4.3",
      "dev": true,
      "dependencies": {
        "acorn": {
          "version": "5.0.3",
          "dev": true
        }
      }
    },
    "esprima": {
      "version": "3.1.3",
      "dev": true
    },
    "esquery": {
      "version": "1.0.0",
      "dev": true
    },
    "esrecurse": {
      "version": "4.2.0",
      "dev": true
    },
    "estraverse": {
      "version": "4.2.0",
      "dev": true
    },
    "estree-walker": {
      "version": "0.3.1",
      "dev": true
    },
    "esutils": {
      "version": "2.0.2",
      "dev": true
    },
    "event-emitter": {
      "version": "0.3.5",
      "dev": true
    },
    "execall": {
      "version": "1.0.0",
      "dev": true
    },
    "exit-hook": {
      "version": "1.1.1",
      "dev": true
    },
    "expand-brackets": {
      "version": "0.1.5",
      "dev": true
    },
    "expand-range": {
      "version": "1.8.2",
      "dev": true
    },
    "extend": {
      "version": "3.0.1",
      "dev": true
    },
    "extglob": {
      "version": "0.3.2",
      "dev": true
    },
    "extsprintf": {
      "version": "1.0.2",
      "dev": true
    },
    "fast-levenshtein": {
      "version": "2.0.6",
      "dev": true
    },
    "fbjs": {
      "version": "0.8.12",
      "dev": true,
      "dependencies": {
        "core-js": {
          "version": "1.2.7",
          "dev": true
        }
      }
    },
    "figures": {
      "version": "1.7.0",
      "dev": true
    },
    "file-entry-cache": {
      "version": "2.0.0",
      "dev": true
    },
    "filename-regex": {
      "version": "2.0.1",
      "dev": true
    },
    "fill-range": {
      "version": "2.2.3",
      "dev": true
    },
    "find-up": {
      "version": "1.1.2",
      "dev": true
    },
    "flat-cache": {
      "version": "1.2.2",
      "dev": true
    },
    "flatten": {
      "version": "1.0.2",
      "dev": true
    },
    "flow-bin": {
      "version": "0.48.0",
      "dev": true
    },
    "for-in": {
      "version": "1.0.2",
      "dev": true
    },
    "for-own": {
      "version": "0.1.5",
      "dev": true
    },
    "foreach": {
      "version": "2.0.5",
      "dev": true
    },
    "forever-agent": {
      "version": "0.6.1",
      "dev": true
    },
    "form-data": {
      "version": "2.1.4",
      "dev": true
    },
    "fs.realpath": {
      "version": "1.0.0",
      "dev": true
    },
    "fstream": {
      "version": "1.0.11",
      "dev": true
    },
    "function-bind": {
      "version": "1.1.0",
      "dev": true
    },
    "gather-stream": {
      "version": "1.0.0",
      "dev": true
    },
    "gauge": {
      "version": "2.7.4",
      "dev": true
    },
    "gaze": {
      "version": "1.1.2",
      "dev": true
    },
    "generate-function": {
      "version": "2.0.0",
      "dev": true
    },
    "generate-object-property": {
      "version": "1.2.0",
      "dev": true
    },
    "get-caller-file": {
      "version": "1.0.2",
      "dev": true
    },
    "get-stdin": {
      "version": "4.0.1",
      "dev": true
    },
    "getpass": {
      "version": "0.1.7",
      "dev": true
    },
    "glob": {
      "version": "7.1.2",
      "dev": true
    },
    "glob-base": {
      "version": "0.3.0",
      "dev": true
    },
    "glob-parent": {
      "version": "2.0.0",
      "dev": true
    },
    "globals": {
      "version": "9.18.0",
      "dev": true
    },
    "globby": {
      "version": "6.1.0",
      "dev": true
    },
    "globjoin": {
      "version": "0.1.4",
      "dev": true
    },
    "globule": {
      "version": "1.2.0",
      "dev": true
    },
    "graceful-fs": {
      "version": "4.1.11",
      "dev": true
    },
    "har-schema": {
      "version": "1.0.5",
      "dev": true
    },
    "har-validator": {
      "version": "4.2.1",
      "dev": true
    },
    "has": {
      "version": "1.0.1",
      "dev": true
    },
    "has-ansi": {
      "version": "2.0.0",
      "dev": true
    },
    "has-flag": {
      "version": "1.0.0",
      "dev": true
    },
    "has-unicode": {
      "version": "2.0.1",
      "dev": true
    },
    "hawk": {
      "version": "3.1.3",
      "dev": true
    },
    "hoek": {
      "version": "2.16.3",
      "dev": true
    },
    "home-or-tmp": {
      "version": "2.0.0",
      "dev": true
    },
    "hosted-git-info": {
      "version": "2.4.2",
      "dev": true
    },
    "html-tags": {
      "version": "1.2.0",
      "dev": true
    },
    "http-signature": {
      "version": "1.1.1",
      "dev": true,
      "dependencies": {
        "assert-plus": {
          "version": "0.2.0",
          "dev": true
        }
      }
    },
    "iconv-lite": {
      "version": "0.4.18",
      "dev": true
    },
    "ignore": {
      "version": "3.3.3",
      "dev": true
    },
    "imurmurhash": {
      "version": "0.1.4",
      "dev": true
    },
    "in-publish": {
      "version": "2.0.0",
      "dev": true
    },
    "indent-string": {
      "version": "2.1.0",
      "dev": true
    },
    "indexes-of": {
      "version": "1.0.1",
      "dev": true
    },
    "inflight": {
      "version": "1.0.6",
      "dev": true
    },
    "inherits": {
      "version": "2.0.3",
      "dev": true
    },
    "inquirer": {
      "version": "0.12.0",
      "dev": true
    },
    "interpret": {
      "version": "1.0.3",
      "dev": true
    },
    "invariant": {
      "version": "2.2.2",
      "dev": true
    },
    "invert-kv": {
      "version": "1.0.0",
      "dev": true
    },
    "irregular-plurals": {
      "version": "1.2.0",
      "dev": true
    },
    "is-arrayish": {
      "version": "0.2.1",
      "dev": true
    },
    "is-buffer": {
      "version": "1.1.5",
      "dev": true
    },
    "is-builtin-module": {
      "version": "1.0.0",
      "dev": true
    },
    "is-callable": {
      "version": "1.1.3",
      "dev": true
    },
    "is-date-object": {
      "version": "1.0.1",
      "dev": true
    },
    "is-directory": {
      "version": "0.3.1",
      "dev": true
    },
    "is-dotfile": {
      "version": "1.0.3",
      "dev": true
    },
    "is-equal-shallow": {
      "version": "0.1.3",
      "dev": true
    },
    "is-extendable": {
      "version": "0.1.1",
      "dev": true
    },
    "is-extglob": {
      "version": "1.0.0",
      "dev": true
    },
    "is-finite": {
      "version": "1.0.2",
      "dev": true
    },
    "is-fullwidth-code-point": {
      "version": "1.0.0",
      "dev": true
    },
    "is-glob": {
      "version": "2.0.1",
      "dev": true
    },
    "is-in-browser": {
      "version": "1.0.2"
    },
    "is-module": {
      "version": "1.0.0",
      "dev": true
    },
    "is-my-json-valid": {
      "version": "2.16.0",
      "dev": true
    },
    "is-number": {
      "version": "2.1.0",
      "dev": true
    },
    "is-path-cwd": {
      "version": "1.0.0",
      "dev": true
    },
    "is-path-in-cwd": {
      "version": "1.0.0",
      "dev": true
    },
    "is-path-inside": {
      "version": "1.0.0",
      "dev": true
    },
    "is-posix-bracket": {
      "version": "0.1.1",
      "dev": true
    },
    "is-primitive": {
      "version": "2.0.0",
      "dev": true
    },
    "is-property": {
      "version": "1.0.2",
      "dev": true
    },
    "is-regex": {
      "version": "1.0.4",
      "dev": true
    },
    "is-regexp": {
      "version": "1.0.0",
      "dev": true
    },
    "is-resolvable": {
      "version": "1.0.0",
      "dev": true
    },
    "is-stream": {
      "version": "1.1.0",
      "dev": true
    },
    "is-supported-regexp-flag": {
      "version": "1.0.0",
      "dev": true
    },
    "is-symbol": {
      "version": "1.0.1",
      "dev": true
    },
    "is-typedarray": {
      "version": "1.0.0",
      "dev": true
    },
    "is-utf8": {
      "version": "0.2.1",
      "dev": true
    },
    "isarray": {
      "version": "1.0.0",
      "dev": true
    },
    "isexe": {
      "version": "2.0.0",
      "dev": true
    },
    "isobject": {
      "version": "2.1.0",
      "dev": true
    },
    "isomorphic-fetch": {
      "version": "2.2.1",
      "dev": true
    },
    "isstream": {
      "version": "0.1.2",
      "dev": true
    },
    "js-base64": {
      "version": "2.1.9",
      "dev": true
    },
    "js-tokens": {
      "version": "3.0.1"
    },
    "js-yaml": {
      "version": "3.8.4",
      "dev": true
    },
    "jsbn": {
      "version": "0.1.1",
      "dev": true,
      "optional": true
    },
    "jsesc": {
      "version": "1.3.0",
      "dev": true
    },
    "json-schema": {
      "version": "0.2.3",
      "dev": true
    },
    "json-stable-stringify": {
      "version": "1.0.1",
      "dev": true
    },
    "json-stringify-safe": {
      "version": "5.0.1",
      "dev": true
    },
    "json5": {
      "version": "0.5.1",
      "dev": true
    },
    "jsonfilter": {
      "version": "1.1.2",
      "dev": true
    },
    "jsonify": {
      "version": "0.0.0",
      "dev": true
    },
    "jsonparse": {
      "version": "0.0.5",
      "dev": true
    },
    "jsonpointer": {
      "version": "4.0.1",
      "dev": true
    },
    "JSONStream": {
      "version": "0.8.4",
      "dev": true
    },
    "jsprim": {
      "version": "1.4.0",
      "dev": true
    },
    "jss": {
      "version": "7.1.7"
    },
    "jss-camel-case": {
      "version": "4.0.0"
    },
    "jss-compose": {
      "version": "3.0.1"
    },
    "jss-default-unit": {
      "version": "6.1.2"
    },
    "jss-expand": {
      "version": "3.0.1"
    },
    "jss-extend": {
      "version": "4.0.1"
    },
    "jss-global": {
      "version": "1.0.1"
    },
    "jss-nested": {
      "version": "4.0.1"
    },
    "jss-preset-default": {
      "version": "2.0.0"
    },
    "jss-props-sort": {
      "version": "4.0.0"
    },
    "jss-vendor-prefixer": {
      "version": "5.1.0"
    },
    "jsx-ast-utils": {
      "version": "1.4.1",
      "dev": true
    },
    "kind-of": {
      "version": "3.2.2",
      "dev": true
    },
    "known-css-properties": {
      "version": "0.2.0",
      "dev": true
    },
    "lcid": {
      "version": "1.0.0",
      "dev": true
    },
    "ldjson-stream": {
      "version": "1.2.1",
      "dev": true
    },
    "levn": {
      "version": "0.3.0",
      "dev": true
    },
    "load-json-file": {
      "version": "1.1.0",
      "dev": true,
      "dependencies": {
        "strip-bom": {
          "version": "2.0.0",
          "dev": true
        }
      }
    },
    "locate-path": {
      "version": "2.0.0",
      "dev": true,
      "dependencies": {
        "path-exists": {
          "version": "3.0.0",
          "dev": true
        }
      }
    },
    "lodash": {
      "version": "4.17.4"
    },
    "lodash.assign": {
      "version": "4.2.0",
      "dev": true
    },
    "lodash.clonedeep": {
      "version": "4.5.0",
      "dev": true
    },
    "lodash.cond": {
      "version": "4.5.2",
      "dev": true
    },
    "lodash.isplainobject": {
      "version": "4.0.6",
      "dev": true
    },
    "lodash.mergewith": {
      "version": "4.6.0",
      "dev": true
    },
    "lodash.some": {
      "version": "4.6.0",
      "dev": true
    },
    "log-symbols": {
      "version": "1.0.2",
      "dev": true
    },
    "loose-envify": {
      "version": "1.3.1"
    },
    "loud-rejection": {
      "version": "1.6.0",
      "dev": true
    },
    "lru-cache": {
      "version": "4.1.1",
      "dev": true
    },
    "magic-string": {
      "version": "0.19.1",
      "dev": true
    },
    "map-obj": {
      "version": "1.0.1",
      "dev": true
    },
    "mathml-tag-names": {
      "version": "2.0.0",
      "dev": true
    },
    "meow": {
      "version": "3.7.0",
      "dev": true
    },
    "micromatch": {
      "version": "2.3.11",
      "dev": true
    },
    "mime-db": {
      "version": "1.27.0",
      "dev": true
    },
    "mime-types": {
      "version": "2.1.15",
      "dev": true
    },
    "minimatch": {
      "version": "3.0.4",
      "dev": true
    },
    "minimist": {
      "version": "1.2.0",
      "dev": true
    },
    "mkdirp": {
      "version": "0.5.1",
      "dev": true,
      "dependencies": {
        "minimist": {
          "version": "0.0.8",
          "dev": true
        }
      }
    },
    "ms": {
      "version": "2.0.0",
      "dev": true
    },
    "multimatch": {
      "version": "2.1.0",
      "dev": true
    },
    "murmurhash-js": {
      "version": "1.0.0"
    },
    "mute-stream": {
      "version": "0.0.5",
      "dev": true
    },
    "nan": {
      "version": "2.6.2",
      "dev": true
    },
    "natural-compare": {
      "version": "1.4.0",
      "dev": true
    },
    "node-fetch": {
      "version": "1.7.1",
      "dev": true
    },
    "node-gyp": {
      "version": "3.6.2",
      "dev": true
    },
    "node-sass": {
      "version": "4.5.3",
      "dev": true
    },
    "nopt": {
      "version": "3.0.6",
      "dev": true
    },
    "normalize-package-data": {
      "version": "2.3.8",
      "dev": true
    },
    "normalize-path": {
      "version": "2.1.1",
      "dev": true
    },
    "normalize-range": {
      "version": "0.1.2",
      "dev": true
    },
    "normalize-selector": {
      "version": "0.2.0",
      "dev": true
    },
    "npmlog": {
      "version": "4.1.0",
      "dev": true
    },
    "num2fraction": {
      "version": "1.2.2",
      "dev": true
    },
    "number-is-nan": {
      "version": "1.0.1",
      "dev": true
    },
    "oauth-sign": {
      "version": "0.8.2",
      "dev": true
    },
    "object-assign": {
      "version": "4.1.1",
      "dev": true
    },
    "object-keys": {
      "version": "1.0.11",
      "dev": true
    },
    "object.omit": {
      "version": "2.0.1",
      "dev": true
    },
    "once": {
      "version": "1.4.0",
      "dev": true
    },
    "onecolor": {
      "version": "3.0.4",
      "dev": true
    },
    "onetime": {
      "version": "1.1.0",
      "dev": true
    },
    "optionator": {
      "version": "0.8.2",
      "dev": true
    },
    "os-homedir": {
      "version": "1.0.2",
      "dev": true
    },
    "os-locale": {
      "version": "1.4.0",
      "dev": true
    },
    "os-tmpdir": {
      "version": "1.0.2",
      "dev": true
    },
    "osenv": {
      "version": "0.1.4",
      "dev": true
    },
    "p-limit": {
      "version": "1.1.0",
      "dev": true
    },
    "p-locate": {
      "version": "2.0.0",
      "dev": true
    },
    "parse-glob": {
      "version": "3.0.4",
      "dev": true
    },
    "parse-json": {
      "version": "2.2.0",
      "dev": true
    },
    "path-exists": {
      "version": "2.1.0",
      "dev": true
    },
    "path-is-absolute": {
      "version": "1.0.1",
      "dev": true
    },
    "path-is-inside": {
      "version": "1.0.2",
      "dev": true
    },
    "path-parse": {
      "version": "1.0.5",
      "dev": true
    },
    "path-type": {
      "version": "1.1.0",
      "dev": true
    },
    "performance-now": {
      "version": "0.2.0",
      "dev": true
    },
    "pify": {
      "version": "2.3.0",
      "dev": true
    },
    "pinkie": {
      "version": "2.0.4",
      "dev": true
    },
    "pinkie-promise": {
      "version": "2.0.1",
      "dev": true
    },
    "pipetteur": {
      "version": "2.0.3",
      "dev": true
    },
    "pkg-dir": {
      "version": "1.0.0",
      "dev": true
    },
    "plur": {
      "version": "2.1.2",
      "dev": true
    },
    "pluralize": {
      "version": "1.2.1",
      "dev": true
    },
    "postcss": {
      "version": "5.2.17",
      "dev": true,
      "dependencies": {
        "supports-color": {
          "version": "3.2.3",
          "dev": true
        }
      }
    },
    "postcss-less": {
      "version": "0.14.0",
      "dev": true
    },
    "postcss-media-query-parser": {
      "version": "0.2.3",
      "dev": true
    },
    "postcss-reporter": {
      "version": "1.4.1",
      "dev": true
    },
    "postcss-resolve-nested-selector": {
      "version": "0.1.1",
      "dev": true
    },
    "postcss-scss": {
      "version": "0.4.1",
      "dev": true
    },
    "postcss-selector-parser": {
      "version": "2.2.3",
      "dev": true
    },
    "postcss-value-parser": {
      "version": "3.3.0",
      "dev": true
    },
    "prelude-ls": {
      "version": "1.1.2",
      "dev": true
    },
    "preserve": {
      "version": "0.2.0",
      "dev": true
    },
    "private": {
      "version": "0.1.7",
      "dev": true
    },
    "process-nextick-args": {
      "version": "1.0.7",
      "dev": true
    },
    "progress": {
      "version": "1.1.8",
      "dev": true
    },
    "promise": {
      "version": "7.3.1",
      "dev": true
    },
    "prop-types": {
      "version": "15.5.10",
      "dev": true
    },
    "pseudomap": {
      "version": "1.0.2",
      "dev": true
    },
    "punycode": {
      "version": "1.4.1",
      "dev": true
    },
    "qs": {
      "version": "6.4.0",
      "dev": true
    },
    "randomatic": {
      "version": "1.1.7",
      "dev": true,
      "dependencies": {
        "is-number": {
          "version": "3.0.0",
          "dev": true,
          "dependencies": {
            "kind-of": {
              "version": "3.2.2",
              "dev": true
            }
          }
        },
        "kind-of": {
          "version": "4.0.0",
          "dev": true
        }
      }
    },
    "react": {
      "version": "15.6.1",
      "dev": true
    },
    "read-file-stdin": {
      "version": "0.2.1",
      "dev": true
    },
    "read-pkg": {
      "version": "1.1.0",
      "dev": true
    },
    "read-pkg-up": {
      "version": "1.0.1",
      "dev": true
    },
    "readable-stream": {
      "version": "2.3.2",
      "dev": true,
      "dependencies": {
        "string_decoder": {
          "version": "1.0.2",
          "dev": true,
          "dependencies": {
            "safe-buffer": {
              "version": "5.0.1",
              "dev": true
            }
          }
        }
      }
    },
    "readline2": {
      "version": "1.0.1",
      "dev": true
    },
    "rechoir": {
      "version": "0.6.2",
      "dev": true
    },
    "redent": {
      "version": "1.0.0",
      "dev": true
    },
    "regenerate": {
      "version": "1.3.2",
      "dev": true
    },
    "regenerator-runtime": {
      "version": "0.10.5",
      "dev": true
    },
    "regenerator-transform": {
      "version": "0.9.11",
      "dev": true
    },
    "regex-cache": {
      "version": "0.4.3",
      "dev": true
    },
    "regexpu-core": {
      "version": "2.0.0",
      "dev": true
    },
    "regjsgen": {
      "version": "0.2.0",
      "dev": true
    },
    "regjsparser": {
      "version": "0.1.5",
      "dev": true,
      "dependencies": {
        "jsesc": {
          "version": "0.5.0",
          "dev": true
        }
      }
    },
    "remove-trailing-separator": {
      "version": "1.0.2",
      "dev": true
    },
    "repeat-element": {
      "version": "1.1.2",
      "dev": true
    },
    "repeat-string": {
      "version": "1.6.1",
      "dev": true
    },
    "repeating": {
      "version": "2.0.1",
      "dev": true
    },
    "request": {
      "version": "2.81.0",
      "dev": true
    },
    "require-directory": {
      "version": "2.1.1",
      "dev": true
    },
    "require-from-string": {
      "version": "1.2.1",
      "dev": true
    },
    "require-main-filename": {
      "version": "1.0.1",
      "dev": true
    },
    "require-uncached": {
      "version": "1.0.3",
      "dev": true,
      "dependencies": {
        "resolve-from": {
          "version": "1.0.1",
          "dev": true
        }
      }
    },
    "resolve": {
      "version": "1.3.3",
      "dev": true
    },
    "resolve-from": {
      "version": "3.0.0",
      "dev": true
    },
    "restore-cursor": {
      "version": "1.0.1",
      "dev": true
    },
    "rimraf": {
      "version": "2.6.1",
      "dev": true
    },
    "rollup": {
      "version": "0.43.0",
      "dev": true
    },
    "rollup-plugin-alias": {
      "version": "1.3.1",
      "dev": true
    },
    "rollup-plugin-babel": {
      "version": "2.7.1",
      "dev": true
    },
    "rollup-plugin-commonjs": {
      "version": "8.0.2",
      "dev": true,
      "dependencies": {
        "rollup-pluginutils": {
          "version": "2.0.1",
          "dev": true
        }
      }
    },
    "rollup-plugin-node-resolve": {
      "version": "3.0.0",
      "dev": true
    },
    "rollup-pluginutils": {
      "version": "1.5.2",
      "dev": true,
      "dependencies": {
        "estree-walker": {
          "version": "0.2.1",
          "dev": true
        }
      }
    },
    "run-async": {
      "version": "0.1.0",
      "dev": true
    },
    "rx-lite": {
      "version": "3.1.2",
      "dev": true
    },
    "safe-buffer": {
      "version": "5.1.1",
      "dev": true
    },
    "sass-graph": {
      "version": "2.2.4",
      "dev": true,
      "dependencies": {
        "camelcase": {
          "version": "3.0.0",
          "dev": true
        },
        "yargs": {
          "version": "7.1.0",
          "dev": true
        }
      }
    },
    "scss-tokenizer": {
      "version": "0.2.3",
      "dev": true,
      "dependencies": {
        "source-map": {
          "version": "0.4.4",
          "dev": true
        }
      }
    },
    "semver": {
      "version": "5.3.0",
      "dev": true
    },
    "set-blocking": {
      "version": "2.0.0",
      "dev": true
    },
    "setimmediate": {
      "version": "1.0.5",
      "dev": true
    },
    "shelljs": {
      "version": "0.7.8",
      "dev": true
    },
    "signal-exit": {
      "version": "3.0.2",
      "dev": true
    },
    "slash": {
      "version": "1.0.0",
      "dev": true
    },
    "slice-ansi": {
      "version": "0.0.4",
      "dev": true
    },
    "sntp": {
      "version": "1.0.9",
      "dev": true
    },
    "source-map": {
      "version": "0.5.6",
      "dev": true
    },
    "source-map-support": {
      "version": "0.4.15",
      "dev": true
    },
    "spdx-correct": {
      "version": "1.0.2",
      "dev": true
    },
    "spdx-expression-parse": {
      "version": "1.0.4",
      "dev": true
    },
    "spdx-license-ids": {
      "version": "1.2.2",
      "dev": true
    },
    "specificity": {
      "version": "0.3.0",
      "dev": true
    },
    "split2": {
      "version": "0.2.1",
      "dev": true
    },
    "sprintf-js": {
      "version": "1.0.3",
      "dev": true
    },
    "sshpk": {
      "version": "1.13.1",
      "dev": true
    },
    "stdout-stream": {
      "version": "1.4.0",
      "dev": true
    },
    "stream-combiner": {
      "version": "0.2.2",
      "dev": true
    },
    "string_decoder": {
      "version": "0.10.31",
      "dev": true
    },
    "string-width": {
      "version": "1.0.2",
      "dev": true
    },
    "stringstream": {
      "version": "0.0.5",
      "dev": true
    },
    "strip-ansi": {
      "version": "3.0.1",
      "dev": true
    },
    "strip-bom": {
      "version": "3.0.0",
      "dev": true
    },
    "strip-indent": {
      "version": "1.0.1",
      "dev": true
    },
    "strip-json-comments": {
      "version": "2.0.1",
      "dev": true
    },
    "style-search": {
      "version": "0.1.0",
      "dev": true
    },
    "stylehacks": {
      "version": "2.3.2",
      "dev": true
    },
    "stylelint": {
      "version": "7.11.1",
      "dev": true,
      "dependencies": {
        "get-stdin": {
          "version": "5.0.1",
          "dev": true
        },
        "is-fullwidth-code-point": {
          "version": "2.0.0",
          "dev": true
        },
        "postcss-reporter": {
          "version": "3.0.0",
          "dev": true
        },
        "string-width": {
          "version": "2.0.0",
          "dev": true
        },
        "table": {
          "version": "4.0.1",
          "dev": true
        }
      }
    },
    "stylelint-config-standard": {
      "version": "16.0.0",
      "dev": true
    },
    "sugarss": {
      "version": "0.2.0",
      "dev": true
    },
    "supports-color": {
      "version": "2.0.0",
      "dev": true
    },
    "svg-tags": {
      "version": "1.0.0",
      "dev": true
    },
    "synesthesia": {
      "version": "1.0.1",
      "dev": true
    },
    "table": {
      "version": "3.8.3",
      "dev": true,
      "dependencies": {
        "is-fullwidth-code-point": {
          "version": "2.0.0",
          "dev": true
        },
        "string-width": {
          "version": "2.0.0",
          "dev": true
        }
      }
    },
    "tar": {
      "version": "2.2.1",
      "dev": true
    },
    "text-table": {
      "version": "0.2.0",
      "dev": true
    },
    "through": {
      "version": "2.3.8",
      "dev": true
    },
    "through2": {
      "version": "0.6.5",
      "dev": true,
      "dependencies": {
        "isarray": {
          "version": "0.0.1",
          "dev": true
        },
        "readable-stream": {
          "version": "1.0.34",
          "dev": true
        }
      }
    },
    "to-fast-properties": {
      "version": "1.0.3",
      "dev": true
    },
    "tough-cookie": {
      "version": "2.3.2",
      "dev": true
    },
    "trim-newlines": {
      "version": "1.0.0",
      "dev": true
    },
    "trim-right": {
      "version": "1.0.1",
      "dev": true
    },
    "tryit": {
      "version": "1.0.3",
      "dev": true
    },
    "tunnel-agent": {
      "version": "0.6.0",
      "dev": true
    },
    "tweetnacl": {
      "version": "0.14.5",
      "dev": true,
      "optional": true
    },
    "type-check": {
      "version": "0.3.2",
      "dev": true
    },
    "typedarray": {
      "version": "0.0.6",
      "dev": true
    },
    "ua-parser-js": {
      "version": "0.7.13",
      "dev": true
    },
    "uniq": {
      "version": "1.0.1",
      "dev": true
    },
    "user-home": {
      "version": "2.0.0",
      "dev": true
    },
    "util-deprecate": {
      "version": "1.0.2",
      "dev": true
    },
    "uuid": {
      "version": "3.1.0",
      "dev": true
    },
    "validate-npm-package-license": {
      "version": "3.0.1",
      "dev": true
    },
    "verror": {
      "version": "1.3.6",
      "dev": true
    },
    "vlq": {
      "version": "0.2.2",
      "dev": true
    },
    "warning": {
      "version": "3.0.0"
    },
    "whatwg-fetch": {
      "version": "2.0.3",
      "dev": true
    },
    "which": {
      "version": "1.2.14",
      "dev": true
    },
    "which-module": {
      "version": "1.0.0",
      "dev": true
    },
    "wide-align": {
      "version": "1.1.2",
      "dev": true
    },
    "window-size": {
      "version": "0.1.4",
      "dev": true
    },
    "wordwrap": {
      "version": "1.0.0",
      "dev": true
    },
    "wrap-ansi": {
      "version": "2.1.0",
      "dev": true
    },
    "wrappy": {
      "version": "1.0.2",
      "dev": true
    },
    "write": {
      "version": "0.2.1",
      "dev": true
    },
    "write-file-stdout": {
      "version": "0.0.2",
      "dev": true
    },
    "xtend": {
      "version": "4.0.1",
      "dev": true
    },
    "y18n": {
      "version": "3.2.1",
      "dev": true
    },
    "yallist": {
      "version": "2.1.2",
      "dev": true
    },
    "yargs": {
      "version": "1.3.3",
      "dev": true
    },
    "yargs-parser": {
      "version": "5.0.0",
      "dev": true,
      "dependencies": {
        "camelcase": {
          "version": "3.0.0",
          "dev": true
        }
      }
    }
  }
}
